
Microsoft Visual Studio Solution File, Format Version 12.00
# Visual Studio 14
VisualStudioVersion = 14.0.25420.1
MinimumVisualStudioVersion = 10.0.40219.1
Project("{FAE04EC0-301F-11D3-BF4B-00C04F79EFBC}") = "S5W7C1E1", "S5W7C1E1\S5W7C1E1.csproj", "{7BC7AF82-7FAA-4149-8A07-E0563577905C}"
EndProject
Project("{FAE04EC0-301F-11D3-BF4B-00C04F79EFBC}") = "SchoolLib", "SchoolLib\SchoolLib.csproj", "{FAA00145-28D2-49D8-951A-1C66786D440D}"
EndProject
Global
	GlobalSection(SolutionConfigurationPlatforms) = preSolution
		Debug|Any CPU = Debug|Any CPU
		Release|Any CPU = Release|Any CPU
	EndGlobalSection
	GlobalSection(ProjectConfigurationPlatforms) = postSolution
		{7BC7AF82-7FAA-4149-8A07-E0563577905C}.Debug|Any CPU.ActiveCfg = Debug|Any CPU
		{7BC7AF82-7FAA-4149-8A07-E0563577905C}.Debug|Any CPU.Build.0 = Debug|Any CPU
		{7BC7AF82-7FAA-4149-8A07-E0563577905C}.Release|Any CPU.ActiveCfg = Release|Any CPU
		{7BC7AF82-7FAA-4149-8A07-E0563577905C}.Release|Any CPU.Build.0 = Release|Any CPU
		{FAA00145-28D2-49D8-951A-1C66786D440D}.Debug|Any CPU.ActiveCfg = Debug|Any CPU
		{FAA00145-28D2-49D8-951A-1C66786D440D}.Debug|Any CPU.Build.0 = Debug|Any CPU
		{FAA00145-28D2-49D8-951A-1C66786D440D}.Release|Any CPU.ActiveCfg = Release|Any CPU
		{FAA00145-28D2-49D8-951A-1C66786D440D}.Release|Any CPU.Build.0 = Release|Any CPU
	EndGlobalSection
	GlobalSection(SolutionProperties) = preSolution
		HideSolutionNode = FALSE
	EndGlobalSection
EndGlobal
