
Microsoft Visual Studio Solution File, Format Version 12.00
# Visual Studio 14
VisualStudioVersion = 14.0.25420.1
MinimumVisualStudioVersion = 10.0.40219.1
Project("{FAE04EC0-301F-11D3-BF4B-00C04F79EFBC}") = "S5W12C2E1", "S5W12C2E1\S5W12C2E1.csproj", "{C7C67D02-05DB-4123-806B-E5864D8F077B}"
EndProject
Project("{FAE04EC0-301F-11D3-BF4B-00C04F79EFBC}") = "S5W12C2E2", "S5W12C2E2\S5W12C2E2.csproj", "{0592B23B-EB0A-4B2B-9BD1-7A3B825A14FA}"
EndProject
Project("{FAE04EC0-301F-11D3-BF4B-00C04F79EFBC}") = "ShapesGUI", "ShapesGUI\ShapesGUI.csproj", "{DE4D09A8-F904-4BFD-A381-CD2947215889}"
EndProject
Project("{FAE04EC0-301F-11D3-BF4B-00C04F79EFBC}") = "ShapesLib", "..\S5W10C1\ShapesLib\ShapesLib.csproj", "{C5CC1E93-C771-40E1-9069-95E8008794B4}"
EndProject
Project("{FAE04EC0-301F-11D3-BF4B-00C04F79EFBC}") = "S5W12C2E4", "S5W12C2E4\S5W12C2E4.csproj", "{AF2D7979-2E31-464D-AA7A-18EA3532DCC2}"
EndProject
Global
	GlobalSection(SolutionConfigurationPlatforms) = preSolution
		Debug|Any CPU = Debug|Any CPU
		Release|Any CPU = Release|Any CPU
	EndGlobalSection
	GlobalSection(ProjectConfigurationPlatforms) = postSolution
		{C7C67D02-05DB-4123-806B-E5864D8F077B}.Debug|Any CPU.ActiveCfg = Debug|Any CPU
		{C7C67D02-05DB-4123-806B-E5864D8F077B}.Debug|Any CPU.Build.0 = Debug|Any CPU
		{C7C67D02-05DB-4123-806B-E5864D8F077B}.Release|Any CPU.ActiveCfg = Release|Any CPU
		{C7C67D02-05DB-4123-806B-E5864D8F077B}.Release|Any CPU.Build.0 = Release|Any CPU
		{0592B23B-EB0A-4B2B-9BD1-7A3B825A14FA}.Debug|Any CPU.ActiveCfg = Debug|Any CPU
		{0592B23B-EB0A-4B2B-9BD1-7A3B825A14FA}.Debug|Any CPU.Build.0 = Debug|Any CPU
		{0592B23B-EB0A-4B2B-9BD1-7A3B825A14FA}.Release|Any CPU.ActiveCfg = Release|Any CPU
		{0592B23B-EB0A-4B2B-9BD1-7A3B825A14FA}.Release|Any CPU.Build.0 = Release|Any CPU
		{DE4D09A8-F904-4BFD-A381-CD2947215889}.Debug|Any CPU.ActiveCfg = Debug|Any CPU
		{DE4D09A8-F904-4BFD-A381-CD2947215889}.Debug|Any CPU.Build.0 = Debug|Any CPU
		{DE4D09A8-F904-4BFD-A381-CD2947215889}.Release|Any CPU.ActiveCfg = Release|Any CPU
		{DE4D09A8-F904-4BFD-A381-CD2947215889}.Release|Any CPU.Build.0 = Release|Any CPU
		{C5CC1E93-C771-40E1-9069-95E8008794B4}.Debug|Any CPU.ActiveCfg = Debug|Any CPU
		{C5CC1E93-C771-40E1-9069-95E8008794B4}.Debug|Any CPU.Build.0 = Debug|Any CPU
		{C5CC1E93-C771-40E1-9069-95E8008794B4}.Release|Any CPU.ActiveCfg = Release|Any CPU
		{C5CC1E93-C771-40E1-9069-95E8008794B4}.Release|Any CPU.Build.0 = Release|Any CPU
		{AF2D7979-2E31-464D-AA7A-18EA3532DCC2}.Debug|Any CPU.ActiveCfg = Debug|Any CPU
		{AF2D7979-2E31-464D-AA7A-18EA3532DCC2}.Debug|Any CPU.Build.0 = Debug|Any CPU
		{AF2D7979-2E31-464D-AA7A-18EA3532DCC2}.Release|Any CPU.ActiveCfg = Release|Any CPU
		{AF2D7979-2E31-464D-AA7A-18EA3532DCC2}.Release|Any CPU.Build.0 = Release|Any CPU
	EndGlobalSection
	GlobalSection(SolutionProperties) = preSolution
		HideSolutionNode = FALSE
	EndGlobalSection
EndGlobal
