
Microsoft Visual Studio Solution File, Format Version 12.00
# Visual Studio 14
VisualStudioVersion = 14.0.25420.1
MinimumVisualStudioVersion = 10.0.40219.1
Project("{FAE04EC0-301F-11D3-BF4B-00C04F79EFBC}") = "S5W12C1E1", "S5W12C1E1\S5W12C1E1.csproj", "{176AE0BE-3F9A-41AD-8367-DCD8D7743F9F}"
EndProject
Project("{FAE04EC0-301F-11D3-BF4B-00C04F79EFBC}") = "S5W12C1E2", "S5W12C1E2\S5W12C1E2.csproj", "{C1A23093-558B-4E48-B019-381C94399094}"
EndProject
Global
	GlobalSection(SolutionConfigurationPlatforms) = preSolution
		Debug|Any CPU = Debug|Any CPU
		Release|Any CPU = Release|Any CPU
	EndGlobalSection
	GlobalSection(ProjectConfigurationPlatforms) = postSolution
		{176AE0BE-3F9A-41AD-8367-DCD8D7743F9F}.Debug|Any CPU.ActiveCfg = Debug|Any CPU
		{176AE0BE-3F9A-41AD-8367-DCD8D7743F9F}.Debug|Any CPU.Build.0 = Debug|Any CPU
		{176AE0BE-3F9A-41AD-8367-DCD8D7743F9F}.Release|Any CPU.ActiveCfg = Release|Any CPU
		{176AE0BE-3F9A-41AD-8367-DCD8D7743F9F}.Release|Any CPU.Build.0 = Release|Any CPU
		{C1A23093-558B-4E48-B019-381C94399094}.Debug|Any CPU.ActiveCfg = Debug|Any CPU
		{C1A23093-558B-4E48-B019-381C94399094}.Debug|Any CPU.Build.0 = Debug|Any CPU
		{C1A23093-558B-4E48-B019-381C94399094}.Release|Any CPU.ActiveCfg = Release|Any CPU
		{C1A23093-558B-4E48-B019-381C94399094}.Release|Any CPU.Build.0 = Release|Any CPU
	EndGlobalSection
	GlobalSection(SolutionProperties) = preSolution
		HideSolutionNode = FALSE
	EndGlobalSection
EndGlobal
