
Microsoft Visual Studio Solution File, Format Version 12.00
# Visual Studio 15
VisualStudioVersion = 15.0.27428.2037
MinimumVisualStudioVersion = 10.0.40219.1
Project("{FAE04EC0-301F-11D3-BF4B-00C04F79EFBC}") = "300904358(Nahapetyan)_ASS6Q2_2", "300904358(Nahapetyan)_ASS6Q2_2\300904358(Nahapetyan)_ASS6Q2_2.csproj", "{BBCAE1BD-2554-492F-93F6-8B029BB0E9D7}"
EndProject
Project("{FAE04EC0-301F-11D3-BF4B-00C04F79EFBC}") = "LinkedListLibrary", "..\..\Assignment#6\Examples\LinkedListLibrary\LinkedListLibrary\LinkedListLibrary.csproj", "{2B0C3EA7-ADED-4E41-B188-8CD315EC7D4D}"
EndProject
Global
	GlobalSection(SolutionConfigurationPlatforms) = preSolution
		Debug|Any CPU = Debug|Any CPU
		Release|Any CPU = Release|Any CPU
	EndGlobalSection
	GlobalSection(ProjectConfigurationPlatforms) = postSolution
		{BBCAE1BD-2554-492F-93F6-8B029BB0E9D7}.Debug|Any CPU.ActiveCfg = Debug|Any CPU
		{BBCAE1BD-2554-492F-93F6-8B029BB0E9D7}.Debug|Any CPU.Build.0 = Debug|Any CPU
		{BBCAE1BD-2554-492F-93F6-8B029BB0E9D7}.Release|Any CPU.ActiveCfg = Release|Any CPU
		{BBCAE1BD-2554-492F-93F6-8B029BB0E9D7}.Release|Any CPU.Build.0 = Release|Any CPU
		{2B0C3EA7-ADED-4E41-B188-8CD315EC7D4D}.Debug|Any CPU.ActiveCfg = Debug|Any CPU
		{2B0C3EA7-ADED-4E41-B188-8CD315EC7D4D}.Debug|Any CPU.Build.0 = Debug|Any CPU
		{2B0C3EA7-ADED-4E41-B188-8CD315EC7D4D}.Release|Any CPU.ActiveCfg = Release|Any CPU
		{2B0C3EA7-ADED-4E41-B188-8CD315EC7D4D}.Release|Any CPU.Build.0 = Release|Any CPU
	EndGlobalSection
	GlobalSection(SolutionProperties) = preSolution
		HideSolutionNode = FALSE
	EndGlobalSection
	GlobalSection(ExtensibilityGlobals) = postSolution
		SolutionGuid = {AF9B7F09-49A9-480D-9D13-7DBA6420227E}
	EndGlobalSection
EndGlobal
